PODS:
  - CocoaLumberjack (1.8.1):
    - CocoaLumberjack/Extensions
  - CocoaLumberjack/Core (1.8.1)
  - CocoaLumberjack/Extensions (1.8.1):
    - CocoaLumberjack/Core
  - Dropbox-iOS-SDK (1.3.10)
  - Google-Maps-iOS-SDK (1.7.2)
  - SSZipArchive (0.3.1)
  - ViewDeck (2.2.10)

DEPENDENCIES:
  - CocoaLumberjack (~> 1.8)
  - Dropbox-iOS-SDK (~> 1.3)
  - Google-Maps-iOS-SDK (~> 1.7)
  - SSZipArchive
  - ViewDeck (= 2.2.10)

SPEC CHECKSUMS:
  CocoaLumberjack: 020378ec400d658923bf5887178394f65f052c90
  Dropbox-iOS-SDK: 9cc160cd7fa2edfae25adf11346bff3496d6dbad
  Google-Maps-iOS-SDK: 14de93ec6d63ac83655a5029e3e7788c5ba70900
  SSZipArchive: 5479ec96c412904a987a3ae3180d65234aa46b6e
  ViewDeck: bc694361ce614ff16af0955f106ab4268f9dd2e1

COCOAPODS: 0.32.1
