<?xml version="1.0" encoding="UTF-8"?>
<!DOCTYPE plist PUBLIC "-//Apple//DTD PLIST 1.0//EN" "http://www.apple.com/DTDs/PropertyList-1.0.dtd">
<plist version="1.0">
<dict>
	<key>archiveVersion</key>
	<string>1</string>
	<key>classes</key>
	<dict/>
	<key>objectVersion</key>
	<string>46</string>
	<key>objects</key>
	<dict>
		<key>2B774DC43B374E68BC6F2BD5</key>
		<dict>
			<key>buildActionMask</key>
			<string>2147483647</string>
			<key>files</key>
			<array/>
			<key>inputPaths</key>
			<array/>
			<key>isa</key>
			<string>PBXShellScriptBuildPhase</string>
			<key>name</key>
			<string>Copy Pods Resources</string>
			<key>outputPaths</key>
			<array/>
			<key>runOnlyForDeploymentPostprocessing</key>
			<string>0</string>
			<key>shellPath</key>
			<string>/bin/sh</string>
			<key>shellScript</key>
			<string>"${SRCROOT}/Pods/Pods-resources.sh"
</string>
			<key>showEnvVarsInLog</key>
			<string>0</string>
		</dict>
		<key>A219468A27A24A7EA8E66CE0</key>
		<dict>
			<key>fileRef</key>
			<string>A2A047CD719B4A97AB37028D</string>
			<key>isa</key>
			<string>PBXBuildFile</string>
		</dict>
		<key>A2A047CD719B4A97AB37028D</key>
		<dict>
			<key>explicitFileType</key>
			<string>archive.ar</string>
			<key>includeInIndex</key>
			<string>0</string>
			<key>isa</key>
			<string>PBXFileReference</string>
			<key>path</key>
			<string>libPods.a</string>
			<key>sourceTree</key>
			<string>BUILT_PRODUCTS_DIR</string>
		</dict>
		<key>C936ED0E0BBB4101BC544DDE</key>
		<dict>
			<key>buildActionMask</key>
			<string>2147483647</string>
			<key>files</key>
			<array/>
			<key>inputPaths</key>
			<array/>
			<key>isa</key>
			<string>PBXShellScriptBuildPhase</string>
			<key>name</key>
			<string>Check Pods Manifest.lock</string>
			<key>outputPaths</key>
			<array/>
			<key>runOnlyForDeploymentPostprocessing</key>
			<string>0</string>
			<key>shellPath</key>
			<string>/bin/sh</string>
			<key>shellScript</key>
			<string>diff "${PODS_ROOT}/../Podfile.lock" "${PODS_ROOT}/Manifest.lock" &gt; /dev/null
if [[ $? != 0 ]] ; then
    cat &lt;&lt; EOM
error: The sandbox is not in sync with the Podfile.lock. Run 'pod install' or update your CocoaPods installation.
EOM
    exit 1
fi
</string>
			<key>showEnvVarsInLog</key>
			<string>0</string>
		</dict>
		<key>F9BBE78A5AF04021849141A9</key>
		<dict>
			<key>includeInIndex</key>
			<string>1</string>
			<key>isa</key>
			<string>PBXFileReference</string>
			<key>lastKnownFileType</key>
			<string>text.xcconfig</string>
			<key>name</key>
			<string>Pods.xcconfig</string>
			<key>path</key>
			<string>Pods/Pods.xcconfig</string>
			<key>sourceTree</key>
			<string>&lt;group&gt;</string>
		</dict>
		<key>FB59C8D518B7169400A0F41B</key>
		<dict>
			<key>children</key>
			<array>
				<string>FB59C8E718B7169500A0F41B</string>
				<string>FB59C90618B7169500A0F41B</string>
				<string>FB59C8E018B7169400A0F41B</string>
				<string>FB59C8DF18B7169400A0F41B</string>
				<string>F9BBE78A5AF04021849141A9</string>
			</array>
			<key>isa</key>
			<string>PBXGroup</string>
			<key>sourceTree</key>
			<string>&lt;group&gt;</string>
		</dict>
		<key>FB59C8D618B7169400A0F41B</key>
		<dict>
			<key>attributes</key>
			<dict>
				<key>LastUpgradeCheck</key>
				<string>0500</string>
				<key>ORGANIZATIONNAME</key>
				<string>One Bear Nine Ventures</string>
				<key>TargetAttributes</key>
				<dict>
					<key>FB59C8DD18B7169400A0F41B</key>
					<dict>
						<key>SystemCapabilities</key>
						<dict>
							<key>com.apple.BackgroundModes</key>
							<dict>
								<key>enabled</key>
								<string>1</string>
							</dict>
						</dict>
					</dict>
					<key>FB59C8FE18B7169500A0F41B</key>
					<dict>
						<key>TestTargetID</key>
						<string>FB59C8DD18B7169400A0F41B</string>
					</dict>
				</dict>
			</dict>
			<key>buildConfigurationList</key>
			<string>FB59C8D918B7169400A0F41B</string>
			<key>compatibilityVersion</key>
			<string>Xcode 3.2</string>
			<key>developmentRegion</key>
			<string>English</string>
			<key>hasScannedForEncodings</key>
			<string>0</string>
			<key>isa</key>
			<string>PBXProject</string>
			<key>knownRegions</key>
			<array>
				<string>en</string>
				<string>Base</string>
			</array>
			<key>mainGroup</key>
			<string>FB59C8D518B7169400A0F41B</string>
			<key>productRefGroup</key>
			<string>FB59C8DF18B7169400A0F41B</string>
			<key>projectDirPath</key>
			<string></string>
			<key>projectReferences</key>
			<array/>
			<key>projectRoot</key>
			<string></string>
			<key>targets</key>
			<array>
				<string>FB59C8DD18B7169400A0F41B</string>
				<string>FB59C8FE18B7169500A0F41B</string>
			</array>
		</dict>
		<key>FB59C8D918B7169400A0F41B</key>
		<dict>
			<key>buildConfigurations</key>
			<array>
				<string>FB59C90E18B7169500A0F41B</string>
				<string>FB59C90F18B7169500A0F41B</string>
			</array>
			<key>defaultConfigurationIsVisible</key>
			<string>0</string>
			<key>defaultConfigurationName</key>
			<string>Release</string>
			<key>isa</key>
			<string>XCConfigurationList</string>
		</dict>
		<key>FB59C8DA18B7169400A0F41B</key>
		<dict>
			<key>buildActionMask</key>
			<string>2147483647</string>
			<key>files</key>
			<array>
				<string>FB59C8F818B7169500A0F41B</string>
				<string>FB59C8F218B7169500A0F41B</string>
				<string>FB59C94618BA6D1800A0F41B</string>
				<string>FB59C94918BA6DBE00A0F41B</string>
				<string>FB59C8EE18B7169500A0F41B</string>
			</array>
			<key>isa</key>
			<string>PBXSourcesBuildPhase</string>
			<key>runOnlyForDeploymentPostprocessing</key>
			<string>0</string>
		</dict>
		<key>FB59C8DB18B7169400A0F41B</key>
		<dict>
			<key>buildActionMask</key>
			<string>2147483647</string>
			<key>files</key>
			<array>
				<string>FB59C92118B716DA00A0F41B</string>
				<string>FB59C93B18B7173B00A0F41B</string>
				<string>FB59C91F18B716D500A0F41B</string>
				<string>FB59C91D18B716CD00A0F41B</string>
				<string>FB59C93618B7173B00A0F41B</string>
				<string>FB59C93A18B7173B00A0F41B</string>
				<string>FB59C91B18B716C500A0F41B</string>
				<string>FB59C93518B7173B00A0F41B</string>
				<string>FB59C91918B716BE00A0F41B</string>
				<string>FB59C91718B716B600A0F41B</string>
				<string>FB59C8E418B7169500A0F41B</string>
				<string>FB59C93818B7173B00A0F41B</string>
				<string>FB59C93418B7173B00A0F41B</string>
				<string>FB59C8E618B7169500A0F41B</string>
				<string>FB59C8E218B7169400A0F41B</string>
				<string>A219468A27A24A7EA8E66CE0</string>
			</array>
			<key>isa</key>
			<string>PBXFrameworksBuildPhase</string>
			<key>runOnlyForDeploymentPostprocessing</key>
			<string>0</string>
		</dict>
		<key>FB59C8DC18B7169400A0F41B</key>
		<dict>
			<key>buildActionMask</key>
			<string>2147483647</string>
			<key>files</key>
			<array>
				<string>FB59C8FA18B7169500A0F41B</string>
				<string>FB59C8EC18B7169500A0F41B</string>
				<string>FB59C8F518B7169500A0F41B</string>
				<string>FB59C93718B7173B00A0F41B</string>
				<string>FB59C93918B7173B00A0F41B</string>
			</array>
			<key>isa</key>
			<string>PBXResourcesBuildPhase</string>
			<key>runOnlyForDeploymentPostprocessing</key>
			<string>0</string>
		</dict>
		<key>FB59C8DD18B7169400A0F41B</key>
		<dict>
			<key>buildConfigurationList</key>
			<string>FB59C91018B7169500A0F41B</string>
			<key>buildPhases</key>
			<array>
				<string>C936ED0E0BBB4101BC544DDE</string>
				<string>FB59C8DA18B7169400A0F41B</string>
				<string>FB59C8DB18B7169400A0F41B</string>
				<string>FB59C8DC18B7169400A0F41B</string>
				<string>2B774DC43B374E68BC6F2BD5</string>
			</array>
			<key>buildRules</key>
			<array/>
			<key>dependencies</key>
			<array/>
			<key>isa</key>
			<string>PBXNativeTarget</string>
			<key>name</key>
			<string>ClubFinder</string>
			<key>productName</key>
			<string>ClubFinder</string>
			<key>productReference</key>
			<string>FB59C8DE18B7169400A0F41B</string>
			<key>productType</key>
			<string>com.apple.product-type.application</string>
		</dict>
		<key>FB59C8DE18B7169400A0F41B</key>
		<dict>
			<key>explicitFileType</key>
			<string>wrapper.application</string>
			<key>includeInIndex</key>
			<string>0</string>
			<key>isa</key>
			<string>PBXFileReference</string>
			<key>path</key>
			<string>ClubFinder.app</string>
			<key>sourceTree</key>
			<string>BUILT_PRODUCTS_DIR</string>
		</dict>
		<key>FB59C8DF18B7169400A0F41B</key>
		<dict>
			<key>children</key>
			<array>
				<string>FB59C8DE18B7169400A0F41B</string>
				<string>FB59C8FF18B7169500A0F41B</string>
			</array>
			<key>isa</key>
			<string>PBXGroup</string>
			<key>name</key>
			<string>Products</string>
			<key>sourceTree</key>
			<string>&lt;group&gt;</string>
		</dict>
		<key>FB59C8E018B7169400A0F41B</key>
		<dict>
			<key>children</key>
			<array>
				<string>FB59C92218B7173A00A0F41B</string>
				<string>FB59C92518B7173A00A0F41B</string>
				<string>FB59C92818B7173A00A0F41B</string>
				<string>FB59C92C18B7173A00A0F41B</string>
				<string>FB59C93018B7173B00A0F41B</string>
				<string>FB59C93118B7173B00A0F41B</string>
				<string>FB59C92018B716DA00A0F41B</string>
				<string>FB59C91E18B716D500A0F41B</string>
				<string>FB59C91C18B716CD00A0F41B</string>
				<string>FB59C91A18B716C500A0F41B</string>
				<string>FB59C91818B716BE00A0F41B</string>
				<string>FB59C91618B716B600A0F41B</string>
				<string>FB59C8E118B7169400A0F41B</string>
				<string>FB59C8E318B7169500A0F41B</string>
				<string>FB59C8E518B7169500A0F41B</string>
				<string>FB59C90018B7169500A0F41B</string>
				<string>A2A047CD719B4A97AB37028D</string>
			</array>
			<key>isa</key>
			<string>PBXGroup</string>
			<key>name</key>
			<string>Frameworks</string>
			<key>sourceTree</key>
			<string>&lt;group&gt;</string>
		</dict>
		<key>FB59C8E118B7169400A0F41B</key>
		<dict>
			<key>isa</key>
			<string>PBXFileReference</string>
			<key>lastKnownFileType</key>
			<string>wrapper.framework</string>
			<key>name</key>
			<string>Foundation.framework</string>
			<key>path</key>
			<string>System/Library/Frameworks/Foundation.framework</string>
			<key>sourceTree</key>
			<string>SDKROOT</string>
		</dict>
		<key>FB59C8E218B7169400A0F41B</key>
		<dict>
			<key>fileRef</key>
			<string>FB59C8E118B7169400A0F41B</string>
			<key>isa</key>
			<string>PBXBuildFile</string>
		</dict>
		<key>FB59C8E318B7169500A0F41B</key>
		<dict>
			<key>isa</key>
			<string>PBXFileReference</string>
			<key>lastKnownFileType</key>
			<string>wrapper.framework</string>
			<key>name</key>
			<string>CoreGraphics.framework</string>
			<key>path</key>
			<string>System/Library/Frameworks/CoreGraphics.framework</string>
			<key>sourceTree</key>
			<string>SDKROOT</string>
		</dict>
		<key>FB59C8E418B7169500A0F41B</key>
		<dict>
			<key>fileRef</key>
			<string>FB59C8E318B7169500A0F41B</string>
			<key>isa</key>
			<string>PBXBuildFile</string>
		</dict>
		<key>FB59C8E518B7169500A0F41B</key>
		<dict>
			<key>isa</key>
			<string>PBXFileReference</string>
			<key>lastKnownFileType</key>
			<string>wrapper.framework</string>
			<key>name</key>
			<string>UIKit.framework</string>
			<key>path</key>
			<string>System/Library/Frameworks/UIKit.framework</string>
			<key>sourceTree</key>
			<string>SDKROOT</string>
		</dict>
		<key>FB59C8E618B7169500A0F41B</key>
		<dict>
			<key>fileRef</key>
			<string>FB59C8E518B7169500A0F41B</string>
			<key>isa</key>
			<string>PBXBuildFile</string>
		</dict>
		<key>FB59C8E718B7169500A0F41B</key>
		<dict>
			<key>children</key>
			<array>
				<string>FB59C8F018B7169500A0F41B</string>
				<string>FB59C8F118B7169500A0F41B</string>
				<string>FB59C8F318B7169500A0F41B</string>
				<string>FB59C8F618B7169500A0F41B</string>
				<string>FB59C8F718B7169500A0F41B</string>
				<string>FB59C94418BA6D1800A0F41B</string>
				<string>FB59C94518BA6D1800A0F41B</string>
				<string>FB59C94718BA6DBE00A0F41B</string>
				<string>FB59C94818BA6DBE00A0F41B</string>
				<string>FB59C8F918B7169500A0F41B</string>
				<string>FB59C8E818B7169500A0F41B</string>
			</array>
			<key>isa</key>
			<string>PBXGroup</string>
			<key>path</key>
			<string>ClubFinder</string>
			<key>sourceTree</key>
			<string>&lt;group&gt;</string>
		</dict>
		<key>FB59C8E818B7169500A0F41B</key>
		<dict>
			<key>children</key>
			<array>
				<string>FB59C8E918B7169500A0F41B</string>
				<string>FB59C8EA18B7169500A0F41B</string>
				<string>FB59C8ED18B7169500A0F41B</string>
				<string>FB59C8EF18B7169500A0F41B</string>
			</array>
			<key>isa</key>
			<string>PBXGroup</string>
			<key>name</key>
			<string>Supporting Files</string>
			<key>sourceTree</key>
			<string>&lt;group&gt;</string>
		</dict>
		<key>FB59C8E918B7169500A0F41B</key>
		<dict>
			<key>isa</key>
			<string>PBXFileReference</string>
			<key>lastKnownFileType</key>
			<string>text.plist.xml</string>
			<key>path</key>
			<string>ClubFinder-Info.plist</string>
			<key>sourceTree</key>
			<string>&lt;group&gt;</string>
		</dict>
		<key>FB59C8EA18B7169500A0F41B</key>
		<dict>
			<key>children</key>
			<array>
				<string>FB59C8EB18B7169500A0F41B</string>
			</array>
			<key>isa</key>
			<string>PBXVariantGroup</string>
			<key>name</key>
			<string>InfoPlist.strings</string>
			<key>sourceTree</key>
			<string>&lt;group&gt;</string>
		</dict>
		<key>FB59C8EB18B7169500A0F41B</key>
		<dict>
			<key>isa</key>
			<string>PBXFileReference</string>
			<key>lastKnownFileType</key>
			<string>text.plist.strings</string>
			<key>name</key>
			<string>en</string>
			<key>path</key>
			<string>en.lproj/InfoPlist.strings</string>
			<key>sourceTree</key>
			<string>&lt;group&gt;</string>
		</dict>
		<key>FB59C8EC18B7169500A0F41B</key>
		<dict>
			<key>fileRef</key>
			<string>FB59C8EA18B7169500A0F41B</string>
			<key>isa</key>
			<string>PBXBuildFile</string>
		</dict>
		<key>FB59C8ED18B7169500A0F41B</key>
		<dict>
			<key>isa</key>
			<string>PBXFileReference</string>
			<key>lastKnownFileType</key>
			<string>sourcecode.c.objc</string>
			<key>path</key>
			<string>main.m</string>
			<key>sourceTree</key>
			<string>&lt;group&gt;</string>
		</dict>
		<key>FB59C8EE18B7169500A0F41B</key>
		<dict>
			<key>fileRef</key>
			<string>FB59C8ED18B7169500A0F41B</string>
			<key>isa</key>
			<string>PBXBuildFile</string>
		</dict>
		<key>FB59C8EF18B7169500A0F41B</key>
		<dict>
			<key>isa</key>
			<string>PBXFileReference</string>
			<key>lastKnownFileType</key>
			<string>sourcecode.c.h</string>
			<key>path</key>
			<string>ClubFinder-Prefix.pch</string>
			<key>sourceTree</key>
			<string>&lt;group&gt;</string>
		</dict>
		<key>FB59C8F018B7169500A0F41B</key>
		<dict>
			<key>isa</key>
			<string>PBXFileReference</string>
			<key>lastKnownFileType</key>
			<string>sourcecode.c.h</string>
			<key>path</key>
			<string>AppDelegate.h</string>
			<key>sourceTree</key>
			<string>&lt;group&gt;</string>
		</dict>
		<key>FB59C8F118B7169500A0F41B</key>
		<dict>
			<key>isa</key>
			<string>PBXFileReference</string>
			<key>lastKnownFileType</key>
			<string>sourcecode.c.objc</string>
			<key>path</key>
			<string>AppDelegate.m</string>
			<key>sourceTree</key>
			<string>&lt;group&gt;</string>
		</dict>
		<key>FB59C8F218B7169500A0F41B</key>
		<dict>
			<key>fileRef</key>
			<string>FB59C8F118B7169500A0F41B</string>
			<key>isa</key>
			<string>PBXBuildFile</string>
		</dict>
		<key>FB59C8F318B7169500A0F41B</key>
		<dict>
			<key>children</key>
			<array>
				<string>FB59C8F418B7169500A0F41B</string>
			</array>
			<key>isa</key>
			<string>PBXVariantGroup</string>
			<key>name</key>
			<string>Main.storyboard</string>
			<key>sourceTree</key>
			<string>&lt;group&gt;</string>
		</dict>
		<key>FB59C8F418B7169500A0F41B</key>
		<dict>
			<key>isa</key>
			<string>PBXFileReference</string>
			<key>lastKnownFileType</key>
			<string>file.storyboard</string>
			<key>name</key>
			<string>Base</string>
			<key>path</key>
			<string>Base.lproj/Main.storyboard</string>
			<key>sourceTree</key>
			<string>&lt;group&gt;</string>
		</dict>
		<key>FB59C8F518B7169500A0F41B</key>
		<dict>
			<key>fileRef</key>
			<string>FB59C8F318B7169500A0F41B</string>
			<key>isa</key>
			<string>PBXBuildFile</string>
		</dict>
		<key>FB59C8F618B7169500A0F41B</key>
		<dict>
			<key>isa</key>
			<string>PBXFileReference</string>
			<key>lastKnownFileType</key>
			<string>sourcecode.c.h</string>
			<key>path</key>
			<string>ViewController.h</string>
			<key>sourceTree</key>
			<string>&lt;group&gt;</string>
		</dict>
		<key>FB59C8F718B7169500A0F41B</key>
		<dict>
			<key>isa</key>
			<string>PBXFileReference</string>
			<key>lastKnownFileType</key>
			<string>sourcecode.c.objc</string>
			<key>path</key>
			<string>ViewController.m</string>
			<key>sourceTree</key>
			<string>&lt;group&gt;</string>
		</dict>
		<key>FB59C8F818B7169500A0F41B</key>
		<dict>
			<key>fileRef</key>
			<string>FB59C8F718B7169500A0F41B</string>
			<key>isa</key>
			<string>PBXBuildFile</string>
		</dict>
		<key>FB59C8F918B7169500A0F41B</key>
		<dict>
			<key>isa</key>
			<string>PBXFileReference</string>
			<key>lastKnownFileType</key>
			<string>folder.assetcatalog</string>
			<key>path</key>
			<string>Images.xcassets</string>
			<key>sourceTree</key>
			<string>&lt;group&gt;</string>
		</dict>
		<key>FB59C8FA18B7169500A0F41B</key>
		<dict>
			<key>fileRef</key>
			<string>FB59C8F918B7169500A0F41B</string>
			<key>isa</key>
			<string>PBXBuildFile</string>
		</dict>
		<key>FB59C8FB18B7169500A0F41B</key>
		<dict>
			<key>buildActionMask</key>
			<string>2147483647</string>
			<key>files</key>
			<array>
				<string>FB59C90D18B7169500A0F41B</string>
			</array>
			<key>isa</key>
			<string>PBXSourcesBuildPhase</string>
			<key>runOnlyForDeploymentPostprocessing</key>
			<string>0</string>
		</dict>
		<key>FB59C8FC18B7169500A0F41B</key>
		<dict>
			<key>buildActionMask</key>
			<string>2147483647</string>
			<key>files</key>
			<array>
				<string>FB59C90118B7169500A0F41B</string>
				<string>FB59C90318B7169500A0F41B</string>
				<string>FB59C90218B7169500A0F41B</string>
			</array>
			<key>isa</key>
			<string>PBXFrameworksBuildPhase</string>
			<key>runOnlyForDeploymentPostprocessing</key>
			<string>0</string>
		</dict>
		<key>FB59C8FD18B7169500A0F41B</key>
		<dict>
			<key>buildActionMask</key>
			<string>2147483647</string>
			<key>files</key>
			<array>
				<string>FB59C90B18B7169500A0F41B</string>
			</array>
			<key>isa</key>
			<string>PBXResourcesBuildPhase</string>
			<key>runOnlyForDeploymentPostprocessing</key>
			<string>0</string>
		</dict>
		<key>FB59C8FE18B7169500A0F41B</key>
		<dict>
			<key>buildConfigurationList</key>
			<string>FB59C91318B7169500A0F41B</string>
			<key>buildPhases</key>
			<array>
				<string>FB59C8FB18B7169500A0F41B</string>
				<string>FB59C8FC18B7169500A0F41B</string>
				<string>FB59C8FD18B7169500A0F41B</string>
			</array>
			<key>buildRules</key>
			<array/>
			<key>dependencies</key>
			<array>
				<string>FB59C90518B7169500A0F41B</string>
			</array>
			<key>isa</key>
			<string>PBXNativeTarget</string>
			<key>name</key>
			<string>ClubFinderTests</string>
			<key>productName</key>
			<string>ClubFinderTests</string>
			<key>productReference</key>
			<string>FB59C8FF18B7169500A0F41B</string>
			<key>productType</key>
			<string>com.apple.product-type.bundle.unit-test</string>
		</dict>
		<key>FB59C8FF18B7169500A0F41B</key>
		<dict>
			<key>explicitFileType</key>
			<string>wrapper.cfbundle</string>
			<key>includeInIndex</key>
			<string>0</string>
			<key>isa</key>
			<string>PBXFileReference</string>
			<key>path</key>
			<string>ClubFinderTests.xctest</string>
			<key>sourceTree</key>
			<string>BUILT_PRODUCTS_DIR</string>
		</dict>
		<key>FB59C90018B7169500A0F41B</key>
		<dict>
			<key>isa</key>
			<string>PBXFileReference</string>
			<key>lastKnownFileType</key>
			<string>wrapper.framework</string>
			<key>name</key>
			<string>XCTest.framework</string>
			<key>path</key>
			<string>Library/Frameworks/XCTest.framework</string>
			<key>sourceTree</key>
			<string>DEVELOPER_DIR</string>
		</dict>
		<key>FB59C90118B7169500A0F41B</key>
		<dict>
			<key>fileRef</key>
			<string>FB59C90018B7169500A0F41B</string>
			<key>isa</key>
			<string>PBXBuildFile</string>
		</dict>
		<key>FB59C90218B7169500A0F41B</key>
		<dict>
			<key>fileRef</key>
			<string>FB59C8E118B7169400A0F41B</string>
			<key>isa</key>
			<string>PBXBuildFile</string>
		</dict>
		<key>FB59C90318B7169500A0F41B</key>
		<dict>
			<key>fileRef</key>
			<string>FB59C8E518B7169500A0F41B</string>
			<key>isa</key>
			<string>PBXBuildFile</string>
		</dict>
		<key>FB59C90418B7169500A0F41B</key>
		<dict>
			<key>containerPortal</key>
			<string>FB59C8D618B7169400A0F41B</string>
			<key>isa</key>
			<string>PBXContainerItemProxy</string>
			<key>proxyType</key>
			<string>1</string>
			<key>remoteGlobalIDString</key>
			<string>FB59C8DD18B7169400A0F41B</string>
			<key>remoteInfo</key>
			<string>ClubFinder</string>
		</dict>
		<key>FB59C90518B7169500A0F41B</key>
		<dict>
			<key>isa</key>
			<string>PBXTargetDependency</string>
			<key>target</key>
			<string>FB59C8DD18B7169400A0F41B</string>
			<key>targetProxy</key>
			<string>FB59C90418B7169500A0F41B</string>
		</dict>
		<key>FB59C90618B7169500A0F41B</key>
		<dict>
			<key>children</key>
			<array>
				<string>FB59C90C18B7169500A0F41B</string>
				<string>FB59C90718B7169500A0F41B</string>
			</array>
			<key>isa</key>
			<string>PBXGroup</string>
			<key>path</key>
			<string>ClubFinderTests</string>
			<key>sourceTree</key>
			<string>&lt;group&gt;</string>
		</dict>
		<key>FB59C90718B7169500A0F41B</key>
		<dict>
			<key>children</key>
			<array>
				<string>FB59C90818B7169500A0F41B</string>
				<string>FB59C90918B7169500A0F41B</string>
			</array>
			<key>isa</key>
			<string>PBXGroup</string>
			<key>name</key>
			<string>Supporting Files</string>
			<key>sourceTree</key>
			<string>&lt;group&gt;</string>
		</dict>
		<key>FB59C90818B7169500A0F41B</key>
		<dict>
			<key>isa</key>
			<string>PBXFileReference</string>
			<key>lastKnownFileType</key>
			<string>text.plist.xml</string>
			<key>path</key>
			<string>ClubFinderTests-Info.plist</string>
			<key>sourceTree</key>
			<string>&lt;group&gt;</string>
		</dict>
		<key>FB59C90918B7169500A0F41B</key>
		<dict>
			<key>children</key>
			<array>
				<string>FB59C90A18B7169500A0F41B</string>
			</array>
			<key>isa</key>
			<string>PBXVariantGroup</string>
			<key>name</key>
			<string>InfoPlist.strings</string>
			<key>sourceTree</key>
			<string>&lt;group&gt;</string>
		</dict>
		<key>FB59C90A18B7169500A0F41B</key>
		<dict>
			<key>isa</key>
			<string>PBXFileReference</string>
			<key>lastKnownFileType</key>
			<string>text.plist.strings</string>
			<key>name</key>
			<string>en</string>
			<key>path</key>
			<string>en.lproj/InfoPlist.strings</string>
			<key>sourceTree</key>
			<string>&lt;group&gt;</string>
		</dict>
		<key>FB59C90B18B7169500A0F41B</key>
		<dict>
			<key>fileRef</key>
			<string>FB59C90918B7169500A0F41B</string>
			<key>isa</key>
			<string>PBXBuildFile</string>
		</dict>
		<key>FB59C90C18B7169500A0F41B</key>
		<dict>
			<key>isa</key>
			<string>PBXFileReference</string>
			<key>lastKnownFileType</key>
			<string>sourcecode.c.objc</string>
			<key>path</key>
			<string>ClubFinderTests.m</string>
			<key>sourceTree</key>
			<string>&lt;group&gt;</string>
		</dict>
		<key>FB59C90D18B7169500A0F41B</key>
		<dict>
			<key>fileRef</key>
			<string>FB59C90C18B7169500A0F41B</string>
			<key>isa</key>
			<string>PBXBuildFile</string>
		</dict>
		<key>FB59C90E18B7169500A0F41B</key>
		<dict>
			<key>buildSettings</key>
			<dict>
				<key>ALWAYS_SEARCH_USER_PATHS</key>
				<string>NO</string>
				<key>ARCHS</key>
				<string>$(ARCHS_STANDARD_INCLUDING_64_BIT)</string>
				<key>CLANG_CXX_LANGUAGE_STANDARD</key>
				<string>gnu++0x</string>
				<key>CLANG_CXX_LIBRARY</key>
				<string>libc++</string>
				<key>CLANG_ENABLE_MODULES</key>
				<string>YES</string>
				<key>CLANG_ENABLE_OBJC_ARC</key>
				<string>YES</string>
				<key>CLANG_WARN_BOOL_CONVERSION</key>
				<string>YES</string>
				<key>CLANG_WARN_CONSTANT_CONVERSION</key>
				<string>YES</string>
				<key>CLANG_WARN_DIRECT_OBJC_ISA_USAGE</key>
				<string>YES_ERROR</string>
				<key>CLANG_WARN_EMPTY_BODY</key>
				<string>YES</string>
				<key>CLANG_WARN_ENUM_CONVERSION</key>
				<string>YES</string>
				<key>CLANG_WARN_INT_CONVERSION</key>
				<string>YES</string>
				<key>CLANG_WARN_OBJC_ROOT_CLASS</key>
				<string>YES_ERROR</string>
				<key>CLANG_WARN__DUPLICATE_METHOD_MATCH</key>
				<string>YES</string>
				<key>CODE_SIGN_IDENTITY[sdk=iphoneos*]</key>
				<string>iPhone Developer</string>
				<key>COPY_PHASE_STRIP</key>
				<string>NO</string>
				<key>GCC_C_LANGUAGE_STANDARD</key>
				<string>gnu99</string>
				<key>GCC_DYNAMIC_NO_PIC</key>
				<string>NO</string>
				<key>GCC_OPTIMIZATION_LEVEL</key>
				<string>0</string>
				<key>GCC_PREPROCESSOR_DEFINITIONS</key>
				<array>
					<string>DEBUG=1</string>
					<string>$(inherited)</string>
				</array>
				<key>GCC_SYMBOLS_PRIVATE_EXTERN</key>
				<string>NO</string>
				<key>GCC_WARN_64_TO_32_BIT_CONVERSION</key>
				<string>YES</string>
				<key>GCC_WARN_ABOUT_RETURN_TYPE</key>
				<string>YES_ERROR</string>
				<key>GCC_WARN_UNDECLARED_SELECTOR</key>
				<string>YES</string>
				<key>GCC_WARN_UNINITIALIZED_AUTOS</key>
				<string>YES</string>
				<key>GCC_WARN_UNUSED_FUNCTION</key>
				<string>YES</string>
				<key>GCC_WARN_UNUSED_VARIABLE</key>
				<string>YES</string>
				<key>IPHONEOS_DEPLOYMENT_TARGET</key>
				<string>7.0</string>
				<key>ONLY_ACTIVE_ARCH</key>
				<string>YES</string>
				<key>SDKROOT</key>
				<string>iphoneos</string>
			</dict>
			<key>isa</key>
			<string>XCBuildConfiguration</string>
			<key>name</key>
			<string>Debug</string>
		</dict>
		<key>FB59C90F18B7169500A0F41B</key>
		<dict>
			<key>buildSettings</key>
			<dict>
				<key>ALWAYS_SEARCH_USER_PATHS</key>
				<string>NO</string>
				<key>ARCHS</key>
				<string>$(ARCHS_STANDARD_INCLUDING_64_BIT)</string>
				<key>CLANG_CXX_LANGUAGE_STANDARD</key>
				<string>gnu++0x</string>
				<key>CLANG_CXX_LIBRARY</key>
				<string>libc++</string>
				<key>CLANG_ENABLE_MODULES</key>
				<string>YES</string>
				<key>CLANG_ENABLE_OBJC_ARC</key>
				<string>YES</string>
				<key>CLANG_WARN_BOOL_CONVERSION</key>
				<string>YES</string>
				<key>CLANG_WARN_CONSTANT_CONVERSION</key>
				<string>YES</string>
				<key>CLANG_WARN_DIRECT_OBJC_ISA_USAGE</key>
				<string>YES_ERROR</string>
				<key>CLANG_WARN_EMPTY_BODY</key>
				<string>YES</string>
				<key>CLANG_WARN_ENUM_CONVERSION</key>
				<string>YES</string>
				<key>CLANG_WARN_INT_CONVERSION</key>
				<string>YES</string>
				<key>CLANG_WARN_OBJC_ROOT_CLASS</key>
				<string>YES_ERROR</string>
				<key>CLANG_WARN__DUPLICATE_METHOD_MATCH</key>
				<string>YES</string>
				<key>CODE_SIGN_IDENTITY[sdk=iphoneos*]</key>
				<string>iPhone Developer</string>
				<key>COPY_PHASE_STRIP</key>
				<string>YES</string>
				<key>ENABLE_NS_ASSERTIONS</key>
				<string>NO</string>
				<key>GCC_C_LANGUAGE_STANDARD</key>
				<string>gnu99</string>
				<key>GCC_WARN_64_TO_32_BIT_CONVERSION</key>
				<string>YES</string>
				<key>GCC_WARN_ABOUT_RETURN_TYPE</key>
				<string>YES_ERROR</string>
				<key>GCC_WARN_UNDECLARED_SELECTOR</key>
				<string>YES</string>
				<key>GCC_WARN_UNINITIALIZED_AUTOS</key>
				<string>YES</string>
				<key>GCC_WARN_UNUSED_FUNCTION</key>
				<string>YES</string>
				<key>GCC_WARN_UNUSED_VARIABLE</key>
				<string>YES</string>
				<key>IPHONEOS_DEPLOYMENT_TARGET</key>
				<string>7.0</string>
				<key>SDKROOT</key>
				<string>iphoneos</string>
				<key>VALIDATE_PRODUCT</key>
				<string>YES</string>
			</dict>
			<key>isa</key>
			<string>XCBuildConfiguration</string>
			<key>name</key>
			<string>Release</string>
		</dict>
		<key>FB59C91018B7169500A0F41B</key>
		<dict>
			<key>buildConfigurations</key>
			<array>
				<string>FB59C91118B7169500A0F41B</string>
				<string>FB59C91218B7169500A0F41B</string>
			</array>
			<key>defaultConfigurationIsVisible</key>
			<string>0</string>
			<key>defaultConfigurationName</key>
			<string>Release</string>
			<key>isa</key>
			<string>XCConfigurationList</string>
		</dict>
		<key>FB59C91118B7169500A0F41B</key>
		<dict>
			<key>baseConfigurationReference</key>
			<string>F9BBE78A5AF04021849141A9</string>
			<key>buildSettings</key>
			<dict>
				<key>ASSETCATALOG_COMPILER_APPICON_NAME</key>
				<string>AppIcon</string>
				<key>ASSETCATALOG_COMPILER_LAUNCHIMAGE_NAME</key>
				<string>LaunchImage</string>
				<key>FRAMEWORK_SEARCH_PATHS</key>
				<array>
					<string>$(inherited)</string>
					<string>/Users/jonathanspooner/Documents/git_jspooner/ClubFinder/Common.embeddedframework</string>
					<string>/Users/jonathanspooner/Documents/git_jspooner/ClubFinder/ContextCore.embeddedframework</string>
					<string>/Users/jonathanspooner/Documents/git_jspooner/ClubFinder/ContextLocation.embeddedframework</string>
					<string>/Users/jonathanspooner/Documents/git_jspooner/ClubFinder/ContextProfiling.embeddedframework</string>
					<string>/Users/jonathanspooner/Documents/git_jspooner/ClubFinder</string>
					<string>/Users/jonathanspooner/Documents/git_jspooner/ClubFinder/NetworkServices.embeddedframework</string>
				</array>
				<key>GCC_PRECOMPILE_PREFIX_HEADER</key>
				<string>YES</string>
				<key>GCC_PREFIX_HEADER</key>
				<string>ClubFinder/ClubFinder-Prefix.pch</string>
				<key>INFOPLIST_FILE</key>
				<string>ClubFinder/ClubFinder-Info.plist</string>
				<key>PRODUCT_NAME</key>
				<string>$(TARGET_NAME)</string>
				<key>WRAPPER_EXTENSION</key>
				<string>app</string>
			</dict>
			<key>isa</key>
			<string>XCBuildConfiguration</string>
			<key>name</key>
			<string>Debug</string>
		</dict>
		<key>FB59C91218B7169500A0F41B</key>
		<dict>
			<key>baseConfigurationReference</key>
			<string>F9BBE78A5AF04021849141A9</string>
			<key>buildSettings</key>
			<dict>
				<key>ASSETCATALOG_COMPILER_APPICON_NAME</key>
				<string>AppIcon</string>
				<key>ASSETCATALOG_COMPILER_LAUNCHIMAGE_NAME</key>
				<string>LaunchImage</string>
				<key>FRAMEWORK_SEARCH_PATHS</key>
				<array>
					<string>$(inherited)</string>
					<string>/Users/jonathanspooner/Documents/git_jspooner/ClubFinder/Common.embeddedframework</string>
					<string>/Users/jonathanspooner/Documents/git_jspooner/ClubFinder/ContextCore.embeddedframework</string>
					<string>/Users/jonathanspooner/Documents/git_jspooner/ClubFinder/ContextLocation.embeddedframework</string>
					<string>/Users/jonathanspooner/Documents/git_jspooner/ClubFinder/ContextProfiling.embeddedframework</string>
					<string>/Users/jonathanspooner/Documents/git_jspooner/ClubFinder</string>
					<string>/Users/jonathanspooner/Documents/git_jspooner/ClubFinder/NetworkServices.embeddedframework</string>
				</array>
				<key>GCC_PRECOMPILE_PREFIX_HEADER</key>
				<string>YES</string>
				<key>GCC_PREFIX_HEADER</key>
				<string>ClubFinder/ClubFinder-Prefix.pch</string>
				<key>INFOPLIST_FILE</key>
				<string>ClubFinder/ClubFinder-Info.plist</string>
				<key>ONLY_ACTIVE_ARCH</key>
				<string>YES</string>
				<key>PRODUCT_NAME</key>
				<string>$(TARGET_NAME)</string>
				<key>WRAPPER_EXTENSION</key>
				<string>app</string>
			</dict>
			<key>isa</key>
			<string>XCBuildConfiguration</string>
			<key>name</key>
			<string>Release</string>
		</dict>
		<key>FB59C91318B7169500A0F41B</key>
		<dict>
			<key>buildConfigurations</key>
			<array>
				<string>FB59C91418B7169500A0F41B</string>
				<string>FB59C91518B7169500A0F41B</string>
			</array>
			<key>defaultConfigurationIsVisible</key>
			<string>0</string>
			<key>defaultConfigurationName</key>
			<string>Release</string>
			<key>isa</key>
			<string>XCConfigurationList</string>
		</dict>
		<key>FB59C91418B7169500A0F41B</key>
		<dict>
			<key>buildSettings</key>
			<dict>
				<key>ARCHS</key>
				<string>$(ARCHS_STANDARD_INCLUDING_64_BIT)</string>
				<key>BUNDLE_LOADER</key>
				<string>$(BUILT_PRODUCTS_DIR)/ClubFinder.app/ClubFinder</string>
				<key>FRAMEWORK_SEARCH_PATHS</key>
				<array>
					<string>$(SDKROOT)/Developer/Library/Frameworks</string>
					<string>$(inherited)</string>
					<string>$(DEVELOPER_FRAMEWORKS_DIR)</string>
				</array>
				<key>GCC_PRECOMPILE_PREFIX_HEADER</key>
				<string>YES</string>
				<key>GCC_PREFIX_HEADER</key>
				<string>ClubFinder/ClubFinder-Prefix.pch</string>
				<key>GCC_PREPROCESSOR_DEFINITIONS</key>
				<array>
					<string>DEBUG=1</string>
					<string>$(inherited)</string>
				</array>
				<key>INFOPLIST_FILE</key>
				<string>ClubFinderTests/ClubFinderTests-Info.plist</string>
				<key>PRODUCT_NAME</key>
				<string>$(TARGET_NAME)</string>
				<key>TEST_HOST</key>
				<string>$(BUNDLE_LOADER)</string>
				<key>WRAPPER_EXTENSION</key>
				<string>xctest</string>
			</dict>
			<key>isa</key>
			<string>XCBuildConfiguration</string>
			<key>name</key>
			<string>Debug</string>
		</dict>
		<key>FB59C91518B7169500A0F41B</key>
		<dict>
			<key>buildSettings</key>
			<dict>
				<key>ARCHS</key>
				<string>$(ARCHS_STANDARD_INCLUDING_64_BIT)</string>
				<key>BUNDLE_LOADER</key>
				<string>$(BUILT_PRODUCTS_DIR)/ClubFinder.app/ClubFinder</string>
				<key>FRAMEWORK_SEARCH_PATHS</key>
				<array>
					<string>$(SDKROOT)/Developer/Library/Frameworks</string>
					<string>$(inherited)</string>
					<string>$(DEVELOPER_FRAMEWORKS_DIR)</string>
				</array>
				<key>GCC_PRECOMPILE_PREFIX_HEADER</key>
				<string>YES</string>
				<key>GCC_PREFIX_HEADER</key>
				<string>ClubFinder/ClubFinder-Prefix.pch</string>
				<key>INFOPLIST_FILE</key>
				<string>ClubFinderTests/ClubFinderTests-Info.plist</string>
				<key>PRODUCT_NAME</key>
				<string>$(TARGET_NAME)</string>
				<key>TEST_HOST</key>
				<string>$(BUNDLE_LOADER)</string>
				<key>WRAPPER_EXTENSION</key>
				<string>xctest</string>
			</dict>
			<key>isa</key>
			<string>XCBuildConfiguration</string>
			<key>name</key>
			<string>Release</string>
		</dict>
		<key>FB59C91618B716B600A0F41B</key>
		<dict>
			<key>isa</key>
			<string>PBXFileReference</string>
			<key>lastKnownFileType</key>
			<string>wrapper.framework</string>
			<key>name</key>
			<string>CoreBluetooth.framework</string>
			<key>path</key>
			<string>System/Library/Frameworks/CoreBluetooth.framework</string>
			<key>sourceTree</key>
			<string>SDKROOT</string>
		</dict>
		<key>FB59C91718B716B600A0F41B</key>
		<dict>
			<key>fileRef</key>
			<string>FB59C91618B716B600A0F41B</string>
			<key>isa</key>
			<string>PBXBuildFile</string>
		</dict>
		<key>FB59C91818B716BE00A0F41B</key>
		<dict>
			<key>isa</key>
			<string>PBXFileReference</string>
			<key>lastKnownFileType</key>
			<string>wrapper.framework</string>
			<key>name</key>
			<string>CoreLocation.framework</string>
			<key>path</key>
			<string>System/Library/Frameworks/CoreLocation.framework</string>
			<key>sourceTree</key>
			<string>SDKROOT</string>
		</dict>
		<key>FB59C91918B716BE00A0F41B</key>
		<dict>
			<key>fileRef</key>
			<string>FB59C91818B716BE00A0F41B</string>
			<key>isa</key>
			<string>PBXBuildFile</string>
		</dict>
		<key>FB59C91A18B716C500A0F41B</key>
		<dict>
			<key>isa</key>
			<string>PBXFileReference</string>
			<key>lastKnownFileType</key>
			<string>wrapper.framework</string>
			<key>name</key>
			<string>CoreData.framework</string>
			<key>path</key>
			<string>System/Library/Frameworks/CoreData.framework</string>
			<key>sourceTree</key>
			<string>SDKROOT</string>
		</dict>
		<key>FB59C91B18B716C500A0F41B</key>
		<dict>
			<key>fileRef</key>
			<string>FB59C91A18B716C500A0F41B</string>
			<key>isa</key>
			<string>PBXBuildFile</string>
		</dict>
		<key>FB59C91C18B716CD00A0F41B</key>
		<dict>
			<key>isa</key>
			<string>PBXFileReference</string>
			<key>lastKnownFileType</key>
			<string>compiled.mach-o.dylib</string>
			<key>name</key>
			<string>libz.dylib</string>
			<key>path</key>
			<string>usr/lib/libz.dylib</string>
			<key>sourceTree</key>
			<string>SDKROOT</string>
		</dict>
		<key>FB59C91D18B716CD00A0F41B</key>
		<dict>
			<key>fileRef</key>
			<string>FB59C91C18B716CD00A0F41B</string>
			<key>isa</key>
			<string>PBXBuildFile</string>
		</dict>
		<key>FB59C91E18B716D500A0F41B</key>
		<dict>
			<key>isa</key>
			<string>PBXFileReference</string>
			<key>lastKnownFileType</key>
			<string>wrapper.framework</string>
			<key>name</key>
			<string>MapKit.framework</string>
			<key>path</key>
			<string>System/Library/Frameworks/MapKit.framework</string>
			<key>sourceTree</key>
			<string>SDKROOT</string>
		</dict>
		<key>FB59C91F18B716D500A0F41B</key>
		<dict>
			<key>fileRef</key>
			<string>FB59C91E18B716D500A0F41B</string>
			<key>isa</key>
			<string>PBXBuildFile</string>
		</dict>
		<key>FB59C92018B716DA00A0F41B</key>
		<dict>
			<key>isa</key>
			<string>PBXFileReference</string>
			<key>lastKnownFileType</key>
			<string>wrapper.framework</string>
			<key>name</key>
			<string>Security.framework</string>
			<key>path</key>
			<string>System/Library/Frameworks/Security.framework</string>
			<key>sourceTree</key>
			<string>SDKROOT</string>
		</dict>
		<key>FB59C92118B716DA00A0F41B</key>
		<dict>
			<key>fileRef</key>
			<string>FB59C92018B716DA00A0F41B</string>
			<key>isa</key>
			<string>PBXBuildFile</string>
		</dict>
		<key>FB59C92218B7173A00A0F41B</key>
		<dict>
			<key>children</key>
			<array>
				<string>FB59C92318B7173A00A0F41B</string>
				<string>FB59C92418B7173A00A0F41B</string>
			</array>
			<key>isa</key>
			<string>PBXGroup</string>
			<key>path</key>
			<string>Common.embeddedframework</string>
			<key>sourceTree</key>
			<string>&lt;group&gt;</string>
		</dict>
		<key>FB59C92318B7173A00A0F41B</key>
		<dict>
			<key>isa</key>
			<string>PBXFileReference</string>
			<key>lastKnownFileType</key>
			<string>wrapper.framework</string>
			<key>path</key>
			<string>Common.framework</string>
			<key>sourceTree</key>
			<string>&lt;group&gt;</string>
		</dict>
		<key>FB59C92418B7173A00A0F41B</key>
		<dict>
			<key>children</key>
			<array/>
			<key>isa</key>
			<string>PBXGroup</string>
			<key>path</key>
			<string>Resources</string>
			<key>sourceTree</key>
			<string>&lt;group&gt;</string>
		</dict>
		<key>FB59C92518B7173A00A0F41B</key>
		<dict>
			<key>children</key>
			<array>
				<string>FB59C92618B7173A00A0F41B</string>
				<string>FB59C92718B7173A00A0F41B</string>
			</array>
			<key>isa</key>
			<string>PBXGroup</string>
			<key>path</key>
			<string>ContextCore.embeddedframework</string>
			<key>sourceTree</key>
			<string>&lt;group&gt;</string>
		</dict>
		<key>FB59C92618B7173A00A0F41B</key>
		<dict>
			<key>isa</key>
			<string>PBXFileReference</string>
			<key>lastKnownFileType</key>
			<string>wrapper.framework</string>
			<key>path</key>
			<string>ContextCore.framework</string>
			<key>sourceTree</key>
			<string>&lt;group&gt;</string>
		</dict>
		<key>FB59C92718B7173A00A0F41B</key>
		<dict>
			<key>children</key>
			<array/>
			<key>isa</key>
			<string>PBXGroup</string>
			<key>path</key>
			<string>Resources</string>
			<key>sourceTree</key>
			<string>&lt;group&gt;</string>
		</dict>
		<key>FB59C92818B7173A00A0F41B</key>
		<dict>
			<key>children</key>
			<array>
				<string>FB59C92918B7173A00A0F41B</string>
				<string>FB59C92A18B7173A00A0F41B</string>
			</array>
			<key>isa</key>
			<string>PBXGroup</string>
			<key>path</key>
			<string>ContextLocation.embeddedframework</string>
			<key>sourceTree</key>
			<string>&lt;group&gt;</string>
		</dict>
		<key>FB59C92918B7173A00A0F41B</key>
		<dict>
			<key>isa</key>
			<string>PBXFileReference</string>
			<key>lastKnownFileType</key>
			<string>wrapper.framework</string>
			<key>path</key>
			<string>ContextLocation.framework</string>
			<key>sourceTree</key>
			<string>&lt;group&gt;</string>
		</dict>
		<key>FB59C92A18B7173A00A0F41B</key>
		<dict>
			<key>children</key>
			<array>
				<string>FB59C92B18B7173A00A0F41B</string>
			</array>
			<key>isa</key>
			<string>PBXGroup</string>
			<key>path</key>
			<string>Resources</string>
			<key>sourceTree</key>
			<string>&lt;group&gt;</string>
		</dict>
		<key>FB59C92B18B7173A00A0F41B</key>
		<dict>
			<key>isa</key>
			<string>PBXFileReference</string>
			<key>lastKnownFileType</key>
			<string>wrapper.plug-in</string>
			<key>path</key>
			<string>DataModels.bundle</string>
			<key>sourceTree</key>
			<string>&lt;group&gt;</string>
		</dict>
		<key>FB59C92C18B7173A00A0F41B</key>
		<dict>
			<key>children</key>
			<array>
				<string>FB59C92D18B7173B00A0F41B</string>
				<string>FB59C92E18B7173B00A0F41B</string>
			</array>
			<key>isa</key>
			<string>PBXGroup</string>
			<key>path</key>
			<string>ContextProfiling.embeddedframework</string>
			<key>sourceTree</key>
			<string>&lt;group&gt;</string>
		</dict>
		<key>FB59C92D18B7173B00A0F41B</key>
		<dict>
			<key>isa</key>
			<string>PBXFileReference</string>
			<key>lastKnownFileType</key>
			<string>wrapper.framework</string>
			<key>path</key>
			<string>ContextProfiling.framework</string>
			<key>sourceTree</key>
			<string>&lt;group&gt;</string>
		</dict>
		<key>FB59C92E18B7173B00A0F41B</key>
		<dict>
			<key>children</key>
			<array>
				<string>FB59C92F18B7173B00A0F41B</string>
			</array>
			<key>isa</key>
			<string>PBXGroup</string>
			<key>path</key>
			<string>Resources</string>
			<key>sourceTree</key>
			<string>&lt;group&gt;</string>
		</dict>
		<key>FB59C92F18B7173B00A0F41B</key>
		<dict>
			<key>fileEncoding</key>
			<string>4</string>
			<key>isa</key>
			<string>PBXFileReference</string>
			<key>lastKnownFileType</key>
			<string>text</string>
			<key>path</key>
			<string>rules.txt</string>
			<key>sourceTree</key>
			<string>&lt;group&gt;</string>
		</dict>
		<key>FB59C93018B7173B00A0F41B</key>
		<dict>
			<key>isa</key>
			<string>PBXFileReference</string>
			<key>lastKnownFileType</key>
			<string>wrapper.framework</string>
			<key>path</key>
			<string>FYX.framework</string>
			<key>sourceTree</key>
			<string>&lt;group&gt;</string>
		</dict>
		<key>FB59C93118B7173B00A0F41B</key>
		<dict>
			<key>children</key>
			<array>
				<string>FB59C93218B7173B00A0F41B</string>
				<string>FB59C93318B7173B00A0F41B</string>
			</array>
			<key>isa</key>
			<string>PBXGroup</string>
			<key>path</key>
			<string>NetworkServices.embeddedframework</string>
			<key>sourceTree</key>
			<string>&lt;group&gt;</string>
		</dict>
		<key>FB59C93218B7173B00A0F41B</key>
		<dict>
			<key>isa</key>
			<string>PBXFileReference</string>
			<key>lastKnownFileType</key>
			<string>wrapper.framework</string>
			<key>path</key>
			<string>NetworkServices.framework</string>
			<key>sourceTree</key>
			<string>&lt;group&gt;</string>
		</dict>
		<key>FB59C93318B7173B00A0F41B</key>
		<dict>
			<key>children</key>
			<array/>
			<key>isa</key>
			<string>PBXGroup</string>
			<key>path</key>
			<string>Resources</string>
			<key>sourceTree</key>
			<string>&lt;group&gt;</string>
		</dict>
		<key>FB59C93418B7173B00A0F41B</key>
		<dict>
			<key>fileRef</key>
			<string>FB59C92318B7173A00A0F41B</string>
			<key>isa</key>
			<string>PBXBuildFile</string>
		</dict>
		<key>FB59C93518B7173B00A0F41B</key>
		<dict>
			<key>fileRef</key>
			<string>FB59C92618B7173A00A0F41B</string>
			<key>isa</key>
			<string>PBXBuildFile</string>
		</dict>
		<key>FB59C93618B7173B00A0F41B</key>
		<dict>
			<key>fileRef</key>
			<string>FB59C92918B7173A00A0F41B</string>
			<key>isa</key>
			<string>PBXBuildFile</string>
		</dict>
		<key>FB59C93718B7173B00A0F41B</key>
		<dict>
			<key>fileRef</key>
			<string>FB59C92B18B7173A00A0F41B</string>
			<key>isa</key>
			<string>PBXBuildFile</string>
		</dict>
		<key>FB59C93818B7173B00A0F41B</key>
		<dict>
			<key>fileRef</key>
			<string>FB59C92D18B7173B00A0F41B</string>
			<key>isa</key>
			<string>PBXBuildFile</string>
		</dict>
		<key>FB59C93918B7173B00A0F41B</key>
		<dict>
			<key>fileRef</key>
			<string>FB59C92F18B7173B00A0F41B</string>
			<key>isa</key>
			<string>PBXBuildFile</string>
		</dict>
		<key>FB59C93A18B7173B00A0F41B</key>
		<dict>
			<key>fileRef</key>
			<string>FB59C93018B7173B00A0F41B</string>
			<key>isa</key>
			<string>PBXBuildFile</string>
		</dict>
		<key>FB59C93B18B7173B00A0F41B</key>
		<dict>
			<key>fileRef</key>
			<string>FB59C93218B7173B00A0F41B</string>
			<key>isa</key>
			<string>PBXBuildFile</string>
		</dict>
		<key>FB59C94418BA6D1800A0F41B</key>
		<dict>
			<key>fileEncoding</key>
			<string>4</string>
			<key>isa</key>
			<string>PBXFileReference</string>
			<key>lastKnownFileType</key>
			<string>sourcecode.c.h</string>
			<key>path</key>
			<string>SightingsTableViewCell.h</string>
			<key>sourceTree</key>
			<string>&lt;group&gt;</string>
		</dict>
		<key>FB59C94518BA6D1800A0F41B</key>
		<dict>
			<key>fileEncoding</key>
			<string>4</string>
			<key>isa</key>
			<string>PBXFileReference</string>
			<key>lastKnownFileType</key>
			<string>sourcecode.c.objc</string>
			<key>path</key>
			<string>SightingsTableViewCell.m</string>
			<key>sourceTree</key>
			<string>&lt;group&gt;</string>
		</dict>
		<key>FB59C94618BA6D1800A0F41B</key>
		<dict>
			<key>fileRef</key>
			<string>FB59C94518BA6D1800A0F41B</string>
			<key>isa</key>
			<string>PBXBuildFile</string>
		</dict>
		<key>FB59C94718BA6DBE00A0F41B</key>
		<dict>
			<key>fileEncoding</key>
			<string>4</string>
			<key>isa</key>
			<string>PBXFileReference</string>
			<key>lastKnownFileType</key>
			<string>sourcecode.c.h</string>
			<key>path</key>
			<string>Transmitter.h</string>
			<key>sourceTree</key>
			<string>&lt;group&gt;</string>
		</dict>
		<key>FB59C94818BA6DBE00A0F41B</key>
		<dict>
			<key>fileEncoding</key>
			<string>4</string>
			<key>isa</key>
			<string>PBXFileReference</string>
			<key>lastKnownFileType</key>
			<string>sourcecode.c.objc</string>
			<key>path</key>
			<string>Transmitter.m</string>
			<key>sourceTree</key>
			<string>&lt;group&gt;</string>
		</dict>
		<key>FB59C94918BA6DBE00A0F41B</key>
		<dict>
			<key>fileRef</key>
			<string>FB59C94818BA6DBE00A0F41B</string>
			<key>isa</key>
			<string>PBXBuildFile</string>
		</dict>
	</dict>
	<key>rootObject</key>
	<string>FB59C8D618B7169400A0F41B</string>
</dict>
</plist>
